
Microsoft Visual Studio Solution File, Format Version 12.00
# Visual Studio Version 16
VisualStudioVersion = 16.0.29728.190
MinimumVisualStudioVersion = 10.0.40219.1
Project("{9A19103F-16F7-4668-BE54-9A1E7A4F7556}") = "KraceGennedy", "KraceGennedy.csproj", "{95F022F2-4F5C-4D55-A9E5-66702A9FEF7E}"
EndProject
Global
	GlobalSection(SolutionConfigurationPlatforms) = preSolution
		Debug|Any CPU = Debug|Any CPU
		Release|Any CPU = Release|Any CPU
	EndGlobalSection
	GlobalSection(ProjectConfigurationPlatforms) = postSolution
		{95F022F2-4F5C-4D55-A9E5-66702A9FEF7E}.Debug|Any CPU.ActiveCfg = Debug|Any CPU
		{95F022F2-4F5C-4D55-A9E5-66702A9FEF7E}.Debug|Any CPU.Build.0 = Debug|Any CPU
		{95F022F2-4F5C-4D55-A9E5-66702A9FEF7E}.Release|Any CPU.ActiveCfg = Release|Any CPU
		{95F022F2-4F5C-4D55-A9E5-66702A9FEF7E}.Release|Any CPU.Build.0 = Release|Any CPU
	EndGlobalSection
	GlobalSection(SolutionProperties) = preSolution
		HideSolutionNode = FALSE
	EndGlobalSection
	GlobalSection(ExtensibilityGlobals) = postSolution
		SolutionGuid = {621074A5-4BC4-4E4A-AD6C-A5A825B18A98}
	EndGlobalSection
EndGlobal
